
Microsoft Visual Studio Solution File, Format Version 12.00
# Visual Studio Version 17
VisualStudioVersion = 17.9.34616.47
MinimumVisualStudioVersion = 10.0.40219.1
Project("{FAE04EC0-301F-11D3-BF4B-00C04F79EFBC}") = "laba3", "laba3\laba3.csproj", "{95B7DAAA-6E06-45C3-BF98-7F776A35662E}"
EndProject
Global
	GlobalSection(SolutionConfigurationPlatforms) = preSolution
		Debug|Any CPU = Debug|Any CPU
		Release|Any CPU = Release|Any CPU
	EndGlobalSection
	GlobalSection(ProjectConfigurationPlatforms) = postSolution
		{95B7DAAA-6E06-45C3-BF98-7F776A35662E}.Debug|Any CPU.ActiveCfg = Debug|Any CPU
		{95B7DAAA-6E06-45C3-BF98-7F776A35662E}.Debug|Any CPU.Build.0 = Debug|Any CPU
		{95B7DAAA-6E06-45C3-BF98-7F776A35662E}.Release|Any CPU.ActiveCfg = Release|Any CPU
		{95B7DAAA-6E06-45C3-BF98-7F776A35662E}.Release|Any CPU.Build.0 = Release|Any CPU
	EndGlobalSection
	GlobalSection(SolutionProperties) = preSolution
		HideSolutionNode = FALSE
	EndGlobalSection
	GlobalSection(ExtensibilityGlobals) = postSolution
		SolutionGuid = {FBF1940C-5D89-4BA2-B598-D86BFADE28F2}
	EndGlobalSection
EndGlobal
